
Microsoft Visual Studio Solution File, Format Version 12.00
# Visual Studio Version 17
VisualStudioVersion = 17.5.2.0
MinimumVisualStudioVersion = 10.0.40219.1
Project("{9A19103F-16F7-4668-BE54-9A1E7A4F7556}") = "MMLib.Fri.MinimalAPI", "MMLib.Fri.MinimalAPI\MMLib.Fri.MinimalAPI.csproj", "{46C75894-0798-4E99-8B0E-84D3B64F4A33}"
EndProject
Project("{2150E333-8FDC-42A3-9474-1A3956D46DE8}") = "MMLib.Fri.MinimalAPI-Web", "MMLib.Fri.MinimalAPI-Web", "{82B57916-B176-4CF0-B89A-7774C4F2370A}"
	ProjectSection(SolutionItems) = preProject
		MMLib.Fri.MinimalAPI-Web\app.js = MMLib.Fri.MinimalAPI-Web\app.js
		MMLib.Fri.MinimalAPI-Web\index.html = MMLib.Fri.MinimalAPI-Web\index.html
	EndProjectSection
EndProject
Project("{FAE04EC0-301F-11D3-BF4B-00C04F79EFBC}") = "MMLib.Fri.MinimalAPI.Tests", "MMLib.Fri.MinimalAPI.Tests\MMLib.Fri.MinimalAPI.Tests.csproj", "{9FCD5016-1687-4603-BB7E-E425BE5B5E2D}"
EndProject
Global
	GlobalSection(SolutionConfigurationPlatforms) = preSolution
		Debug|Any CPU = Debug|Any CPU
		Release|Any CPU = Release|Any CPU
	EndGlobalSection
	GlobalSection(ProjectConfigurationPlatforms) = postSolution
		{46C75894-0798-4E99-8B0E-84D3B64F4A33}.Debug|Any CPU.ActiveCfg = Debug|Any CPU
		{46C75894-0798-4E99-8B0E-84D3B64F4A33}.Debug|Any CPU.Build.0 = Debug|Any CPU
		{46C75894-0798-4E99-8B0E-84D3B64F4A33}.Release|Any CPU.ActiveCfg = Release|Any CPU
		{46C75894-0798-4E99-8B0E-84D3B64F4A33}.Release|Any CPU.Build.0 = Release|Any CPU
		{9FCD5016-1687-4603-BB7E-E425BE5B5E2D}.Debug|Any CPU.ActiveCfg = Debug|Any CPU
		{9FCD5016-1687-4603-BB7E-E425BE5B5E2D}.Debug|Any CPU.Build.0 = Debug|Any CPU
		{9FCD5016-1687-4603-BB7E-E425BE5B5E2D}.Release|Any CPU.ActiveCfg = Release|Any CPU
		{9FCD5016-1687-4603-BB7E-E425BE5B5E2D}.Release|Any CPU.Build.0 = Release|Any CPU
	EndGlobalSection
	GlobalSection(SolutionProperties) = preSolution
		HideSolutionNode = FALSE
	EndGlobalSection
	GlobalSection(ExtensibilityGlobals) = postSolution
		SolutionGuid = {28681C05-8E9E-4A97-A45E-64B3BDBB07CB}
	EndGlobalSection
EndGlobal
